// !$*UTF8*$!
{
	archiveVersion = 1;
	classes = {
	};
	objectVersion = 51;
	objects = {

/* Begin PBXBuildFile section */
		2409E6AC2563381900BE1B4C /* LoginViewController.swift in Sources */ = {isa = PBXBuildFile; fileRef = 2409E6AB2563381900BE1B4C /* LoginViewController.swift */; };
		2409E6B12563382400BE1B4C /* FeedViewController.swift in Sources */ = {isa = PBXBuildFile; fileRef = 2409E6B02563382400BE1B4C /* FeedViewController.swift */; };
		2409E6B92563621500BE1B4C /* CameraViewController.swift in Sources */ = {isa = PBXBuildFile; fileRef = 2409E6B82563621500BE1B4C /* CameraViewController.swift */; };
		2409E6BE256368C800BE1B4C /* PostCell.swift in Sources */ = {isa = PBXBuildFile; fileRef = 2409E6BD256368C800BE1B4C /* PostCell.swift */; };
		24729A9125662D1E00AF23BE /* CommentCell.swift in Sources */ = {isa = PBXBuildFile; fileRef = 24729A9025662D1E00AF23BE /* CommentCell.swift */; };
		24C7D7872562288D000C2DBA /* AppDelegate.swift in Sources */ = {isa = PBXBuildFile; fileRef = 24C7D7862562288D000C2DBA /* AppDelegate.swift */; };
		24C7D78C2562288D000C2DBA /* Main.storyboard in Resources */ = {isa = PBXBuildFile; fileRef = 24C7D78A2562288D000C2DBA /* Main.storyboard */; };
		24C7D78E2562288F000C2DBA /* Assets.xcassets in Resources */ = {isa = PBXBuildFile; fileRef = 24C7D78D2562288F000C2DBA /* Assets.xcassets */; };
		24C7D7912562288F000C2DBA /* LaunchScreen.storyboard in Resources */ = {isa = PBXBuildFile; fileRef = 24C7D78F2562288F000C2DBA /* LaunchScreen.storyboard */; };
		24C7D79C2562288F000C2DBA /* ParstagramTests.swift in Sources */ = {isa = PBXBuildFile; fileRef = 24C7D79B2562288F000C2DBA /* ParstagramTests.swift */; };
		24C7D7A72562288F000C2DBA /* ParstagramUITests.swift in Sources */ = {isa = PBXBuildFile; fileRef = 24C7D7A62562288F000C2DBA /* ParstagramUITests.swift */; };
/* End PBXBuildFile section */

/* Begin PBXContainerItemProxy section */
		24C7D7982562288F000C2DBA /* PBXContainerItemProxy */ = {
			isa = PBXContainerItemProxy;
			containerPortal = 24C7D77B2562288D000C2DBA /* Project object */;
			proxyType = 1;
			remoteGlobalIDString = 24C7D7822562288D000C2DBA;
			remoteInfo = Parstagram;
		};
		24C7D7A32562288F000C2DBA /* PBXContainerItemProxy */ = {
			isa = PBXContainerItemProxy;
			containerPortal = 24C7D77B2562288D000C2DBA /* Project object */;
			proxyType = 1;
			remoteGlobalIDString = 24C7D7822562288D000C2DBA;
			remoteInfo = Parstagram;
		};
/* End PBXContainerItemProxy section */

/* Begin PBXFileReference section */
		2409E69F2563367800BE1B4C /* Pods_Parstagram.framework */ = {isa = PBXFileReference; explicitFileType = wrapper.framework; path = Pods_Parstagram.framework; sourceTree = BUILT_PRODUCTS_DIR; };
		2409E6AB2563381900BE1B4C /* LoginViewController.swift */ = {isa = PBXFileReference; lastKnownFileType = sourcecode.swift; path = LoginViewController.swift; sourceTree = "<group>"; };
		2409E6B02563382400BE1B4C /* FeedViewController.swift */ = {isa = PBXFileReference; lastKnownFileType = sourcecode.swift; path = FeedViewController.swift; sourceTree = "<group>"; };
		2409E6B82563621500BE1B4C /* CameraViewController.swift */ = {isa = PBXFileReference; lastKnownFileType = sourcecode.swift; path = CameraViewController.swift; sourceTree = "<group>"; };
		2409E6BD256368C800BE1B4C /* PostCell.swift */ = {isa = PBXFileReference; lastKnownFileType = sourcecode.swift; path = PostCell.swift; sourceTree = "<group>"; };
		24729A9025662D1E00AF23BE /* CommentCell.swift */ = {isa = PBXFileReference; lastKnownFileType = sourcecode.swift; path = CommentCell.swift; sourceTree = "<group>"; };
		24C7D7832562288D000C2DBA /* Parstagram.app */ = {isa = PBXFileReference; explicitFileType = wrapper.application; includeInIndex = 0; path = Parstagram.app; sourceTree = BUILT_PRODUCTS_DIR; };
		24C7D7862562288D000C2DBA /* AppDelegate.swift */ = {isa = PBXFileReference; lastKnownFileType = sourcecode.swift; path = AppDelegate.swift; sourceTree = "<group>"; };
		24C7D78B2562288D000C2DBA /* Base */ = {isa = PBXFileReference; lastKnownFileType = file.storyboard; name = Base; path = Base.lproj/Main.storyboard; sourceTree = "<group>"; };
		24C7D78D2562288F000C2DBA /* Assets.xcassets */ = {isa = PBXFileReference; lastKnownFileType = folder.assetcatalog; path = Assets.xcassets; sourceTree = "<group>"; };
		24C7D7902562288F000C2DBA /* Base */ = {isa = PBXFileReference; lastKnownFileType = file.storyboard; name = Base; path = Base.lproj/LaunchScreen.storyboard; sourceTree = "<group>"; };
		24C7D7922562288F000C2DBA /* Info.plist */ = {isa = PBXFileReference; lastKnownFileType = text.plist.xml; path = Info.plist; sourceTree = "<group>"; };
		24C7D7972562288F000C2DBA /* ParstagramTests.xctest */ = {isa = PBXFileReference; explicitFileType = wrapper.cfbundle; includeInIndex = 0; path = ParstagramTests.xctest; sourceTree = BUILT_PRODUCTS_DIR; };
		24C7D79B2562288F000C2DBA /* ParstagramTests.swift */ = {isa = PBXFileReference; lastKnownFileType = sourcecode.swift; path = ParstagramTests.swift; sourceTree = "<group>"; };
		24C7D79D2562288F000C2DBA /* Info.plist */ = {isa = PBXFileReference; lastKnownFileType = text.plist.xml; path = Info.plist; sourceTree = "<group>"; };
		24C7D7A22562288F000C2DBA /* ParstagramUITests.xctest */ = {isa = PBXFileReference; explicitFileType = wrapper.cfbundle; includeInIndex = 0; path = ParstagramUITests.xctest; sourceTree = BUILT_PRODUCTS_DIR; };
		24C7D7A62562288F000C2DBA /* ParstagramUITests.swift */ = {isa = PBXFileReference; lastKnownFileType = sourcecode.swift; path = ParstagramUITests.swift; sourceTree = "<group>"; };
		24C7D7A82562288F000C2DBA /* Info.plist */ = {isa = PBXFileReference; lastKnownFileType = text.plist.xml; path = Info.plist; sourceTree = "<group>"; };
		27303A841AD505745A7940A5 /* Pods_Parstagram.framework */ = {isa = PBXFileReference; explicitFileType = wrapper.framework; includeInIndex = 0; path = Pods_Parstagram.framework; sourceTree = BUILT_PRODUCTS_DIR; };
		326659459BC7C895569AC00C /* Pods-Parstagram.debug.xcconfig */ = {isa = PBXFileReference; includeInIndex = 1; lastKnownFileType = text.xcconfig; name = "Pods-Parstagram.debug.xcconfig"; path = "Target Support Files/Pods-Parstagram/Pods-Parstagram.debug.xcconfig"; sourceTree = "<group>"; };
		F22A7B267B176F94081BE3A4 /* Pods-Parstagram.release.xcconfig */ = {isa = PBXFileReference; includeInIndex = 1; lastKnownFileType = text.xcconfig; name = "Pods-Parstagram.release.xcconfig"; path = "Target Support Files/Pods-Parstagram/Pods-Parstagram.release.xcconfig"; sourceTree = "<group>"; };
/* End PBXFileReference section */

/* Begin PBXFrameworksBuildPhase section */
		24C7D7802562288D000C2DBA /* Frameworks */ = {
			isa = PBXFrameworksBuildPhase;
			buildActionMask = 2147483647;
			files = (
			);
			runOnlyForDeploymentPostprocessing = 0;
		};
		24C7D7942562288F000C2DBA /* Frameworks */ = {
			isa = PBXFrameworksBuildPhase;
			buildActionMask = 2147483647;
			files = (
			);
			runOnlyForDeploymentPostprocessing = 0;
		};
		24C7D79F2562288F000C2DBA /* Frameworks */ = {
			isa = PBXFrameworksBuildPhase;
			buildActionMask = 2147483647;
			files = (
			);
			runOnlyForDeploymentPostprocessing = 0;
		};
/* End PBXFrameworksBuildPhase section */

/* Begin PBXGroup section */
		24C7D77A2562288D000C2DBA = {
			isa = PBXGroup;
			children = (
				24C7D7852562288D000C2DBA /* Parstagram */,
				24C7D79A2562288F000C2DBA /* ParstagramTests */,
				24C7D7A52562288F000C2DBA /* ParstagramUITests */,
				24C7D7842562288D000C2DBA /* Products */,
				9F509AE1D7A977E4421244C2 /* Pods */,
				7DC211894728849630ED5C08 /* Frameworks */,
			);
			sourceTree = "<group>";
		};
		24C7D7842562288D000C2DBA /* Products */ = {
			isa = PBXGroup;
			children = (
				24C7D7832562288D000C2DBA /* Parstagram.app */,
				24C7D7972562288F000C2DBA /* ParstagramTests.xctest */,
				24C7D7A22562288F000C2DBA /* ParstagramUITests.xctest */,
			);
			name = Products;
			sourceTree = "<group>";
		};
		24C7D7852562288D000C2DBA /* Parstagram */ = {
			isa = PBXGroup;
			children = (
				24C7D7862562288D000C2DBA /* AppDelegate.swift */,
				24C7D78A2562288D000C2DBA /* Main.storyboard */,
				24C7D78D2562288F000C2DBA /* Assets.xcassets */,
				24C7D78F2562288F000C2DBA /* LaunchScreen.storyboard */,
				24C7D7922562288F000C2DBA /* Info.plist */,
				2409E6AB2563381900BE1B4C /* LoginViewController.swift */,
				2409E6B02563382400BE1B4C /* FeedViewController.swift */,
				2409E6B82563621500BE1B4C /* CameraViewController.swift */,
				2409E6BD256368C800BE1B4C /* PostCell.swift */,
				24729A9025662D1E00AF23BE /* CommentCell.swift */,
			);
			path = Parstagram;
			sourceTree = "<group>";
		};
		24C7D79A2562288F000C2DBA /* ParstagramTests */ = {
			isa = PBXGroup;
			children = (
				24C7D79B2562288F000C2DBA /* ParstagramTests.swift */,
				24C7D79D2562288F000C2DBA /* Info.plist */,
			);
			path = ParstagramTests;
			sourceTree = "<group>";
		};
		24C7D7A52562288F000C2DBA /* ParstagramUITests */ = {
			isa = PBXGroup;
			children = (
				24C7D7A62562288F000C2DBA /* ParstagramUITests.swift */,
				24C7D7A82562288F000C2DBA /* Info.plist */,
			);
			path = ParstagramUITests;
			sourceTree = "<group>";
		};
		7DC211894728849630ED5C08 /* Frameworks */ = {
			isa = PBXGroup;
			children = (
				2409E69F2563367800BE1B4C /* Pods_Parstagram.framework */,
				27303A841AD505745A7940A5 /* Pods_Parstagram.framework */,
			);
			name = Frameworks;
			sourceTree = "<group>";
		};
		9F509AE1D7A977E4421244C2 /* Pods */ = {
			isa = PBXGroup;
			children = (
				326659459BC7C895569AC00C /* Pods-Parstagram.debug.xcconfig */,
				F22A7B267B176F94081BE3A4 /* Pods-Parstagram.release.xcconfig */,
			);
			path = Pods;
			sourceTree = "<group>";
		};
/* End PBXGroup section */

/* Begin PBXNativeTarget section */
		24C7D7822562288D000C2DBA /* Parstagram */ = {
			isa = PBXNativeTarget;
			buildConfigurationList = 24C7D7AB2562288F000C2DBA /* Build configuration list for PBXNativeTarget "Parstagram" */;
			buildPhases = (
				94431609052DDDE204E226A0 /* [CP] Check Pods Manifest.lock */,
				24C7D77F2562288D000C2DBA /* Sources */,
				24C7D7802562288D000C2DBA /* Frameworks */,
				24C7D7812562288D000C2DBA /* Resources */,
				5FCA29FAC41C3A6927FDE146 /* [CP] Embed Pods Frameworks */,
			);
			buildRules = (
			);
			dependencies = (
			);
			name = Parstagram;
			productName = Parstagram;
			productReference = 24C7D7832562288D000C2DBA /* Parstagram.app */;
			productType = "com.apple.product-type.application";
		};
		24C7D7962562288F000C2DBA /* ParstagramTests */ = {
			isa = PBXNativeTarget;
			buildConfigurationList = 24C7D7AE2562288F000C2DBA /* Build configuration list for PBXNativeTarget "ParstagramTests" */;
			buildPhases = (
				24C7D7932562288F000C2DBA /* Sources */,
				24C7D7942562288F000C2DBA /* Frameworks */,
				24C7D7952562288F000C2DBA /* Resources */,
			);
			buildRules = (
			);
			dependencies = (
				24C7D7992562288F000C2DBA /* PBXTargetDependency */,
			);
			name = ParstagramTests;
			productName = ParstagramTests;
			productReference = 24C7D7972562288F000C2DBA /* ParstagramTests.xctest */;
			productType = "com.apple.product-type.bundle.unit-test";
		};
		24C7D7A12562288F000C2DBA /* ParstagramUITests */ = {
			isa = PBXNativeTarget;
			buildConfigurationList = 24C7D7B12562288F000C2DBA /* Build configuration list for PBXNativeTarget "ParstagramUITests" */;
			buildPhases = (
				24C7D79E2562288F000C2DBA /* Sources */,
				24C7D79F2562288F000C2DBA /* Frameworks */,
				24C7D7A02562288F000C2DBA /* Resources */,
			);
			buildRules = (
			);
			dependencies = (
				24C7D7A42562288F000C2DBA /* PBXTargetDependency */,
			);
			name = ParstagramUITests;
			productName = ParstagramUITests;
			productReference = 24C7D7A22562288F000C2DBA /* ParstagramUITests.xctest */;
			productType = "com.apple.product-type.bundle.ui-testing";
		};
/* End PBXNativeTarget section */

/* Begin PBXProject section */
		24C7D77B2562288D000C2DBA /* Project object */ = {
			isa = PBXProject;
			attributes = {
				LastSwiftUpdateCheck = 1000;
				LastUpgradeCheck = 1220;
				ORGANIZATIONNAME = "Yaxin Liu";
				TargetAttributes = {
					24C7D7822562288D000C2DBA = {
						CreatedOnToolsVersion = 10.0;
						LastSwiftMigration = 1220;
					};
					24C7D7962562288F000C2DBA = {
						CreatedOnToolsVersion = 10.0;
						LastSwiftMigration = 1220;
						TestTargetID = 24C7D7822562288D000C2DBA;
					};
					24C7D7A12562288F000C2DBA = {
						CreatedOnToolsVersion = 10.0;
						LastSwiftMigration = 1220;
						TestTargetID = 24C7D7822562288D000C2DBA;
					};
				};
			};
			buildConfigurationList = 24C7D77E2562288D000C2DBA /* Build configuration list for PBXProject "Parstagram" */;
			compatibilityVersion = "Xcode 9.3";
			developmentRegion = en;
			hasScannedForEncodings = 0;
			knownRegions = (
				en,
				Base,
			);
			mainGroup = 24C7D77A2562288D000C2DBA;
			productRefGroup = 24C7D7842562288D000C2DBA /* Products */;
			projectDirPath = "";
			projectRoot = "";
			targets = (
				24C7D7822562288D000C2DBA /* Parstagram */,
				24C7D7962562288F000C2DBA /* ParstagramTests */,
				24C7D7A12562288F000C2DBA /* ParstagramUITests */,
			);
		};
/* End PBXProject section */

/* Begin PBXResourcesBuildPhase section */
		24C7D7812562288D000C2DBA /* Resources */ = {
			isa = PBXResourcesBuildPhase;
			buildActionMask = 2147483647;
			files = (
				24C7D7912562288F000C2DBA /* LaunchScreen.storyboard in Resources */,
				24C7D78E2562288F000C2DBA /* Assets.xcassets in Resources */,
				24C7D78C2562288D000C2DBA /* Main.storyboard in Resources */,
			);
			runOnlyForDeploymentPostprocessing = 0;
		};
		24C7D7952562288F000C2DBA /* Resources */ = {
			isa = PBXResourcesBuildPhase;
			buildActionMask = 2147483647;
			files = (
			);
			runOnlyForDeploymentPostprocessing = 0;
		};
		24C7D7A02562288F000C2DBA /* Resources */ = {
			isa = PBXResourcesBuildPhase;
			buildActionMask = 2147483647;
			files = (
			);
			runOnlyForDeploymentPostprocessing = 0;
		};
/* End PBXResourcesBuildPhase section */

/* Begin PBXShellScriptBuildPhase section */
		5FCA29FAC41C3A6927FDE146 /* [CP] Embed Pods Frameworks */ = {
			isa = PBXShellScriptBuildPhase;
			buildActionMask = 2147483647;
			files = (
			);
			inputFileListPaths = (
				"${PODS_ROOT}/Target Support Files/Pods-Parstagram/Pods-Parstagram-frameworks-${CONFIGURATION}-input-files.xcfilelist",
			);
			name = "[CP] Embed Pods Frameworks";
			outputFileListPaths = (
				"${PODS_ROOT}/Target Support Files/Pods-Parstagram/Pods-Parstagram-frameworks-${CONFIGURATION}-output-files.xcfilelist",
			);
			runOnlyForDeploymentPostprocessing = 0;
			shellPath = /bin/sh;
			shellScript = "\"${PODS_ROOT}/Target Support Files/Pods-Parstagram/Pods-Parstagram-frameworks.sh\"\n";
			showEnvVarsInLog = 0;
		};
		94431609052DDDE204E226A0 /* [CP] Check Pods Manifest.lock */ = {
			isa = PBXShellScriptBuildPhase;
			buildActionMask = 2147483647;
			files = (
			);
			inputFileListPaths = (
			);
			inputPaths = (
				"${PODS_PODFILE_DIR_PATH}/Podfile.lock",
				"${PODS_ROOT}/Manifest.lock",
			);
			name = "[CP] Check Pods Manifest.lock";
			outputFileListPaths = (
			);
			outputPaths = (
				"$(DERIVED_FILE_DIR)/Pods-Parstagram-checkManifestLockResult.txt",
			);
			runOnlyForDeploymentPostprocessing = 0;
			shellPath = /bin/sh;
			shellScript = "diff \"${PODS_PODFILE_DIR_PATH}/Podfile.lock\" \"${PODS_ROOT}/Manifest.lock\" > /dev/null\nif [ $? != 0 ] ; then\n    # print error to STDERR\n    echo \"error: The sandbox is not in sync with the Podfile.lock. Run 'pod install' or update your CocoaPods installation.\" >&2\n    exit 1\nfi\n# This output is used by Xcode 'outputs' to avoid re-running this script phase.\necho \"SUCCESS\" > \"${SCRIPT_OUTPUT_FILE_0}\"\n";
			showEnvVarsInLog = 0;
		};
/* End PBXShellScriptBuildPhase section */

/* Begin PBXSourcesBuildPhase section */
		24C7D77F2562288D000C2DBA /* Sources */ = {
			isa = PBXSourcesBuildPhase;
			buildActionMask = 2147483647;
			files = (
				2409E6AC2563381900BE1B4C /* LoginViewController.swift in Sources */,
				2409E6B92563621500BE1B4C /* CameraViewController.swift in Sources */,
				2409E6B12563382400BE1B4C /* FeedViewController.swift in Sources */,
				24C7D7872562288D000C2DBA /* AppDelegate.swift in Sources */,
				2409E6BE256368C800BE1B4C /* PostCell.swift in Sources */,
				24729A9125662D1E00AF23BE /* CommentCell.swift in Sources */,
			);
			runOnlyForDeploymentPostprocessing = 0;
		};
		24C7D7932562288F000C2DBA /* Sources */ = {
			isa = PBXSourcesBuildPhase;
			buildActionMask = 2147483647;
			files = (
				24C7D79C2562288F000C2DBA /* ParstagramTests.swift in Sources */,
			);
			runOnlyForDeploymentPostprocessing = 0;
		};
		24C7D79E2562288F000C2DBA /* Sources */ = {
			isa = PBXSourcesBuildPhase;
			buildActionMask = 2147483647;
			files = (
				24C7D7A72562288F000C2DBA /* ParstagramUITests.swift in Sources */,
			);
			runOnlyForDeploymentPostprocessing = 0;
		};
/* End PBXSourcesBuildPhase section */

/* Begin PBXTargetDependency section */
		24C7D7992562288F000C2DBA /* PBXTargetDependency */ = {
			isa = PBXTargetDependency;
			target = 24C7D7822562288D000C2DBA /* Parstagram */;
			targetProxy = 24C7D7982562288F000C2DBA /* PBXContainerItemProxy */;
		};
		24C7D7A42562288F000C2DBA /* PBXTargetDependency */ = {
			isa = PBXTargetDependency;
			target = 24C7D7822562288D000C2DBA /* Parstagram */;
			targetProxy = 24C7D7A32562288F000C2DBA /* PBXContainerItemProxy */;
		};
/* End PBXTargetDependency section */

/* Begin PBXVariantGroup section */
		24C7D78A2562288D000C2DBA /* Main.storyboard */ = {
			isa = PBXVariantGroup;
			children = (
				24C7D78B2562288D000C2DBA /* Base */,
			);
			name = Main.storyboard;
			sourceTree = "<group>";
		};
		24C7D78F2562288F000C2DBA /* LaunchScreen.storyboard */ = {
			isa = PBXVariantGroup;
			children = (
				24C7D7902562288F000C2DBA /* Base */,
			);
			name = LaunchScreen.storyboard;
			sourceTree = "<group>";
		};
/* End PBXVariantGroup section */

/* Begin XCBuildConfiguration section */
		24C7D7A92562288F000C2DBA /* Debug */ = {
			isa = XCBuildConfiguration;
			buildSettings = {
				ALWAYS_SEARCH_USER_PATHS = NO;
				CLANG_ANALYZER_NONNULL = YES;
				CLANG_ANALYZER_NUMBER_OBJECT_CONVERSION = YES_AGGRESSIVE;
				CLANG_CXX_LANGUAGE_STANDARD = "gnu++14";
				CLANG_CXX_LIBRARY = "libc++";
				CLANG_ENABLE_MODULES = YES;
				CLANG_ENABLE_OBJC_ARC = YES;
				CLANG_ENABLE_OBJC_WEAK = YES;
				CLANG_WARN_BLOCK_CAPTURE_AUTORELEASING = YES;
				CLANG_WARN_BOOL_CONVERSION = YES;
				CLANG_WARN_COMMA = YES;
				CLANG_WARN_CONSTANT_CONVERSION = YES;
				CLANG_WARN_DEPRECATED_OBJC_IMPLEMENTATIONS = YES;
				CLANG_WARN_DIRECT_OBJC_ISA_USAGE = YES_ERROR;
				CLANG_WARN_DOCUMENTATION_COMMENTS = YES;
				CLANG_WARN_EMPTY_BODY = YES;
				CLANG_WARN_ENUM_CONVERSION = YES;
				CLANG_WARN_INFINITE_RECURSION = YES;
				CLANG_WARN_INT_CONVERSION = YES;
				CLANG_WARN_NON_LITERAL_NULL_CONVERSION = YES;
				CLANG_WARN_OBJC_IMPLICIT_RETAIN_SELF = YES;
				CLANG_WARN_OBJC_LITERAL_CONVERSION = YES;
				CLANG_WARN_OBJC_ROOT_CLASS = YES_ERROR;
				CLANG_WARN_QUOTED_INCLUDE_IN_FRAMEWORK_HEADER = YES;
				CLANG_WARN_RANGE_LOOP_ANALYSIS = YES;
				CLANG_WARN_STRICT_PROTOTYPES = YES;
				CLANG_WARN_SUSPICIOUS_MOVE = YES;
				CLANG_WARN_UNGUARDED_AVAILABILITY = YES_AGGRESSIVE;
				CLANG_WARN_UNREACHABLE_CODE = YES;
				CLANG_WARN__DUPLICATE_METHOD_MATCH = YES;
				CODE_SIGN_IDENTITY = "iPhone Developer";
				COPY_PHASE_STRIP = NO;
				DEBUG_INFORMATION_FORMAT = dwarf;
				ENABLE_STRICT_OBJC_MSGSEND = YES;
				ENABLE_TESTABILITY = YES;
				GCC_C_LANGUAGE_STANDARD = gnu11;
				GCC_DYNAMIC_NO_PIC = NO;
				GCC_NO_COMMON_BLOCKS = YES;
				GCC_OPTIMIZATION_LEVEL = 0;
				GCC_PREPROCESSOR_DEFINITIONS = (
					"DEBUG=1",
					"$(inherited)",
				);
				GCC_WARN_64_TO_32_BIT_CONVERSION = YES;
				GCC_WARN_ABOUT_RETURN_TYPE = YES_ERROR;
				GCC_WARN_UNDECLARED_SELECTOR = YES;
				GCC_WARN_UNINITIALIZED_AUTOS = YES_AGGRESSIVE;
				GCC_WARN_UNUSED_FUNCTION = YES;
				GCC_WARN_UNUSED_VARIABLE = YES;
				IPHONEOS_DEPLOYMENT_TARGET = 12.0;
				MTL_ENABLE_DEBUG_INFO = INCLUDE_SOURCE;
				MTL_FAST_MATH = YES;
				ONLY_ACTIVE_ARCH = YES;
				SDKROOT = iphoneos;
				SWIFT_ACTIVE_COMPILATION_CONDITIONS = DEBUG;
				SWIFT_OPTIMIZATION_LEVEL = "-Onone";
			};
			name = Debug;
		};
		24C7D7AA2562288F000C2DBA /* Release */ = {
			isa = XCBuildConfiguration;
			buildSettings = {
				ALWAYS_SEARCH_USER_PATHS = NO;
				CLANG_ANALYZER_NONNULL = YES;
				CLANG_ANALYZER_NUMBER_OBJECT_CONVERSION = YES_AGGRESSIVE;
				CLANG_CXX_LANGUAGE_STANDARD = "gnu++14";
				CLANG_CXX_LIBRARY = "libc++";
				CLANG_ENABLE_MODULES = YES;
				CLANG_ENABLE_OBJC_ARC = YES;
				CLANG_ENABLE_OBJC_WEAK = YES;
				CLANG_WARN_BLOCK_CAPTURE_AUTORELEASING = YES;
				CLANG_WARN_BOOL_CONVERSION = YES;
				CLANG_WARN_COMMA = YES;
				CLANG_WARN_CONSTANT_CONVERSION = YES;
				CLANG_WARN_DEPRECATED_OBJC_IMPLEMENTATIONS = YES;
				CLANG_WARN_DIRECT_OBJC_ISA_USAGE = YES_ERROR;
				CLANG_WARN_DOCUMENTATION_COMMENTS = YES;
				CLANG_WARN_EMPTY_BODY = YES;
				CLANG_WARN_ENUM_CONVERSION = YES;
				CLANG_WARN_INFINITE_RECURSION = YES;
				CLANG_WARN_INT_CONVERSION = YES;
				CLANG_WARN_NON_LITERAL_NULL_CONVERSION = YES;
				CLANG_WARN_OBJC_IMPLICIT_RETAIN_SELF = YES;
				CLANG_WARN_OBJC_LITERAL_CONVERSION = YES;
				CLANG_WARN_OBJC_ROOT_CLASS = YES_ERROR;
				CLANG_WARN_QUOTED_INCLUDE_IN_FRAMEWORK_HEADER = YES;
				CLANG_WARN_RANGE_LOOP_ANALYSIS = YES;
				CLANG_WARN_STRICT_PROTOTYPES = YES;
				CLANG_WARN_SUSPICIOUS_MOVE = YES;
				CLANG_WARN_UNGUARDED_AVAILABILITY = YES_AGGRESSIVE;
				CLANG_WARN_UNREACHABLE_CODE = YES;
				CLANG_WARN__DUPLICATE_METHOD_MATCH = YES;
				CODE_SIGN_IDENTITY = "iPhone Developer";
				COPY_PHASE_STRIP = NO;
				DEBUG_INFORMATION_FORMAT = "dwarf-with-dsym";
				ENABLE_NS_ASSERTIONS = NO;
				ENABLE_STRICT_OBJC_MSGSEND = YES;
				GCC_C_LANGUAGE_STANDARD = gnu11;
				GCC_NO_COMMON_BLOCKS = YES;
				GCC_WARN_64_TO_32_BIT_CONVERSION = YES;
				GCC_WARN_ABOUT_RETURN_TYPE = YES_ERROR;
				GCC_WARN_UNDECLARED_SELECTOR = YES;
				GCC_WARN_UNINITIALIZED_AUTOS = YES_AGGRESSIVE;
				GCC_WARN_UNUSED_FUNCTION = YES;
				GCC_WARN_UNUSED_VARIABLE = YES;
				IPHONEOS_DEPLOYMENT_TARGET = 12.0;
				MTL_ENABLE_DEBUG_INFO = NO;
				MTL_FAST_MATH = YES;
				SDKROOT = iphoneos;
				SWIFT_COMPILATION_MODE = wholemodule;
				SWIFT_OPTIMIZATION_LEVEL = "-O";
				VALIDATE_PRODUCT = YES;
			};
			name = Release;
		};
		24C7D7AC2562288F000C2DBA /* Debug */ = {
			isa = XCBuildConfiguration;
			baseConfigurationReference = 326659459BC7C895569AC00C /* Pods-Parstagram.debug.xcconfig */;
			buildSettings = {
				ASSETCATALOG_COMPILER_APPICON_NAME = AppIcon;
				CODE_SIGN_STYLE = Automatic;
				INFOPLIST_FILE = Parstagram/Info.plist;
				LD_RUNPATH_SEARCH_PATHS = (
					"$(inherited)",
					"@executable_path/Frameworks",
				);
				PRODUCT_BUNDLE_IDENTIFIER = com.Parstagram;
				PRODUCT_NAME = "$(TARGET_NAME)";
				SWIFT_VERSION = 4.2;
				TARGETED_DEVICE_FAMILY = "1,2";
			};
			name = Debug;
		};
		24C7D7AD2562288F000C2DBA /* Release */ = {
			isa = XCBuildConfiguration;
			baseConfigurationReference = F22A7B267B176F94081BE3A4 /* Pods-Parstagram.release.xcconfig */;
			buildSettings = {
				ASSETCATALOG_COMPILER_APPICON_NAME = AppIcon;
				CODE_SIGN_STYLE = Automatic;
				INFOPLIST_FILE = Parstagram/Info.plist;
				LD_RUNPATH_SEARCH_PATHS = (
					"$(inherited)",
					"@executable_path/Frameworks",
				);
				PRODUCT_BUNDLE_IDENTIFIER = com.Parstagram;
				PRODUCT_NAME = "$(TARGET_NAME)";
				SWIFT_VERSION = 4.2;
				TARGETED_DEVICE_FAMILY = "1,2";
			};
			name = Release;
		};
		24C7D7AF2562288F000C2DBA /* Debug */ = {
			isa = XCBuildConfiguration;
			buildSettings = {
				ALWAYS_EMBED_SWIFT_STANDARD_LIBRARIES = YES;
				BUNDLE_LOADER = "$(TEST_HOST)";
				CODE_SIGN_STYLE = Automatic;
				INFOPLIST_FILE = ParstagramTests/Info.plist;
				LD_RUNPATH_SEARCH_PATHS = (
					"$(inherited)",
					"@executable_path/Frameworks",
					"@loader_path/Frameworks",
				);
				PRODUCT_BUNDLE_IDENTIFIER = com.ParstagramTests;
				PRODUCT_NAME = "$(TARGET_NAME)";
				SWIFT_VERSION = 4.2;
				TARGETED_DEVICE_FAMILY = "1,2";
				TEST_HOST = "$(BUILT_PRODUCTS_DIR)/Parstagram.app/Parstagram";
			};
			name = Debug;
		};
		24C7D7B02562288F000C2DBA /* Release */ = {
			isa = XCBuildConfiguration;
			buildSettings = {
				ALWAYS_EMBED_SWIFT_STANDARD_LIBRARIES = YES;
				BUNDLE_LOADER = "$(TEST_HOST)";
				CODE_SIGN_STYLE = Automatic;
				INFOPLIST_FILE = ParstagramTests/Info.plist;
				LD_RUNPATH_SEARCH_PATHS = (
					"$(inherited)",
					"@executable_path/Frameworks",
					"@loader_path/Frameworks",
				);
				PRODUCT_BUNDLE_IDENTIFIER = com.ParstagramTests;
				PRODUCT_NAME = "$(TARGET_NAME)";
				SWIFT_VERSION = 4.2;
				TARGETED_DEVICE_FAMILY = "1,2";
				TEST_HOST = "$(BUILT_PRODUCTS_DIR)/Parstagram.app/Parstagram";
			};
			name = Release;
		};
		24C7D7B22562288F000C2DBA /* Debug */ = {
			isa = XCBuildConfiguration;
			buildSettings = {
				ALWAYS_EMBED_SWIFT_STANDARD_LIBRARIES = YES;
				CODE_SIGN_STYLE = Automatic;
				INFOPLIST_FILE = ParstagramUITests/Info.plist;
				LD_RUNPATH_SEARCH_PATHS = (
					"$(inherited)",
					"@executable_path/Frameworks",
					"@loader_path/Frameworks",
				);
				PRODUCT_BUNDLE_IDENTIFIER = com.ParstagramUITests;
				PRODUCT_NAME = "$(TARGET_NAME)";
				SWIFT_VERSION = 4.2;
				TARGETED_DEVICE_FAMILY = "1,2";
				TEST_TARGET_NAME = Parstagram;
			};
			name = Debug;
		};
		24C7D7B32562288F000C2DBA /* Release */ = {
			isa = XCBuildConfiguration;
			buildSettings = {
				ALWAYS_EMBED_SWIFT_STANDARD_LIBRARIES = YES;
				CODE_SIGN_STYLE = Automatic;
				INFOPLIST_FILE = ParstagramUITests/Info.plist;
				LD_RUNPATH_SEARCH_PATHS = (
					"$(inherited)",
					"@executable_path/Frameworks",
					"@loader_path/Frameworks",
				);
				PRODUCT_BUNDLE_IDENTIFIER = com.ParstagramUITests;
				PRODUCT_NAME = "$(TARGET_NAME)";
				SWIFT_VERSION = 4.2;
				TARGETED_DEVICE_FAMILY = "1,2";
				TEST_TARGET_NAME = Parstagram;
			};
			name = Release;
		};
/* End XCBuildConfiguration section */

/* Begin XCConfigurationList section */
		24C7D77E2562288D000C2DBA /* Build configuration list for PBXProject "Parstagram" */ = {
			isa = XCConfigurationList;
			buildConfigurations = (
				24C7D7A92562288F000C2DBA /* Debug */,
				24C7D7AA2562288F000C2DBA /* Release */,
			);
			defaultConfigurationIsVisible = 0;
			defaultConfigurationName = Release;
		};
		24C7D7AB2562288F000C2DBA /* Build configuration list for PBXNativeTarget "Parstagram" */ = {
			isa = XCConfigurationList;
			buildConfigurations = (
				24C7D7AC2562288F000C2DBA /* Debug */,
				24C7D7AD2562288F000C2DBA /* Release */,
			);
			defaultConfigurationIsVisible = 0;
			defaultConfigurationName = Release;
		};
		24C7D7AE2562288F000C2DBA /* Build configuration list for PBXNativeTarget "ParstagramTests" */ = {
			isa = XCConfigurationList;
			buildConfigurations = (
				24C7D7AF2562288F000C2DBA /* Debug */,
				24C7D7B02562288F000C2DBA /* Release */,
			);
			defaultConfigurationIsVisible = 0;
			defaultConfigurationName = Release;
		};
		24C7D7B12562288F000C2DBA /* Build configuration list for PBXNativeTarget "ParstagramUITests" */ = {
			isa = XCConfigurationList;
			buildConfigurations = (
				24C7D7B22562288F000C2DBA /* Debug */,
				24C7D7B32562288F000C2DBA /* Release */,
			);
			defaultConfigurationIsVisible = 0;
			defaultConfigurationName = Release;
		};
/* End XCConfigurationList section */
	};
	rootObject = 24C7D77B2562288D000C2DBA /* Project object */;
}
